{
  "requires": true,
  "lockfileVersion": 1,
  "dependencies": {
    "@fullcalendar/common": {
      "version": "5.8.0",
      "resolved": "https://registry.npmjs.org/@fullcalendar/common/-/common-5.8.0.tgz",
      "integrity": "sha512-cKmXNgo/9auw86MOwXxA+5FRrgvbE93C9YDwic+Alfm3bUruDTzJDnuvRndrFVurpSBLm6/ZitaR+yoWKLIsgA==",
      "requires": {
        "tslib": "^2.1.0"
      }
    },
    "@fullcalendar/core": {
      "version": "5.8.0",
      "resolved": "https://registry.npmjs.org/@fullcalendar/core/-/core-5.8.0.tgz",
      "integrity": "sha512-55Zwy4fwcxBqHjfjhV5eae4qOh9fMlpjGcyy4Zt39zA1NlgUW0JxCGOyIu2K2jm2JZn+27/P8b06JXy57DmtKg==",
      "requires": {
        "@fullcalendar/common": "~5.8.0",
        "preact": "^10.0.5",
        "tslib": "^2.1.0"
      }
    },
    "@fullcalendar/daygrid": {
      "version": "5.8.0",
      "resolved": "https://registry.npmjs.org/@fullcalendar/daygrid/-/daygrid-5.8.0.tgz",
      "integrity": "sha512-VrqwI97cewoUjFrKT67sS+f+JANI8xMx0g5bpM0XgV/KEEwvXpH5OmwkFSbXOnx1m4RXsvolQc6EBZpnJCf69Q==",
      "requires": {
        "@fullcalendar/common": "~5.8.0",
        "tslib": "^2.1.0"
      }
    },
    "@fullcalendar/rrule": {
      "version": "5.8.0",
      "resolved": "https://registry.npmjs.org/@fullcalendar/rrule/-/rrule-5.8.0.tgz",
      "integrity": "sha512-6DhRtONQs3SO4VwH+AoFQGRs4bLipLgazjEmaOQ4gYJbyh5ymCojNxBy8UiY4P+bNDlWzCHYIXN7VUpmsAdWUQ==",
      "requires": {
        "@fullcalendar/common": "~5.8.0",
        "tslib": "^2.1.0"
      }
    },
    "@popperjs/core": {
      "version": "2.9.2",
      "resolved": "https://registry.npmjs.org/@popperjs/core/-/core-2.9.2.tgz",
      "integrity": "sha512-VZMYa7+fXHdwIq1TDhSXoVmSPEGM/aa+6Aiq3nVVJ9bXr24zScr+NlKFKC3iPljA7ho/GAZr+d2jOf5GIRC30Q=="
    },
    "bootstrap": {
      "version": "5.0.2",
      "resolved": "https://registry.npmjs.org/bootstrap/-/bootstrap-5.0.2.tgz",
      "integrity": "sha512-1Ge963tyEQWJJ+8qtXFU6wgmAVj9gweEjibUdbmcCEYsn38tVwRk8107rk2vzt6cfQcRr3SlZ8aQBqaD8aqf+Q=="
    },
    "fullcalendar": {
      "version": "3.4.0",
      "resolved": "https://registry.npmjs.org/fullcalendar/-/fullcalendar-3.4.0.tgz",
      "integrity": "sha1-NNq/8qvl6F9wAlx4mludw+pMR2I=",
      "requires": {
        "jquery": "2 - 3",
        "moment": "^2.9.0"
      }
    },
    "jquery": {
      "version": "3.6.0",
      "resolved": "https://registry.npmjs.org/jquery/-/jquery-3.6.0.tgz",
      "integrity": "sha512-JVzAR/AjBvVt2BmYhxRCSYysDsPcssdmTFnzyLEts9qNwmjmu4JTAMYubEfwVOSwpQ1I1sKKFcxhZCI2buerfw=="
    },
    "moment": {
      "version": "2.29.1",
      "resolved": "https://registry.npmjs.org/moment/-/moment-2.29.1.tgz",
      "integrity": "sha512-kHmoybcPV8Sqy59DwNDY3Jefr64lK/by/da0ViFcuA4DH0vQg5Q6Ze5VimxkfQNSC+Mls/Kx53s7TjP1RhFEDQ=="
    },
    "preact": {
      "version": "10.5.14",
      "resolved": "https://registry.npmjs.org/preact/-/preact-10.5.14.tgz",
      "integrity": "sha512-KojoltCrshZ099ksUZ2OQKfbH66uquFoxHSbnwKbTJHeQNvx42EmC7wQVWNuDt6vC5s3nudRHFtKbpY4ijKlaQ=="
    },
    "tslib": {
      "version": "2.3.0",
      "resolved": "https://registry.npmjs.org/tslib/-/tslib-2.3.0.tgz",
      "integrity": "sha512-N82ooyxVNm6h1riLCoyS9e3fuJ3AMG2zIZs2Gd1ATcSFjSA23Q0fzjjZeh0jbJvWVDZ0cJT8yaNNaaXHzueNjg=="
    }
  }
}
